
Microsoft Visual Studio Solution File, Format Version 12.00
# Visual Studio 15
VisualStudioVersion = 15.0.28307.271
MinimumVisualStudioVersion = 10.0.40219.1
Project("{FAE04EC0-301F-11D3-BF4B-00C04F79EFBC}") = "Homework", "Homework\Homework.csproj", "{7D0A863C-6243-411D-B1A7-755743858F84}"
EndProject
Global
	GlobalSection(SolutionConfigurationPlatforms) = preSolution
		Debug|Any CPU = Debug|Any CPU
		Release|Any CPU = Release|Any CPU
	EndGlobalSection
	GlobalSection(ProjectConfigurationPlatforms) = postSolution
		{7D0A863C-6243-411D-B1A7-755743858F84}.Debug|Any CPU.ActiveCfg = Debug|Any CPU
		{7D0A863C-6243-411D-B1A7-755743858F84}.Debug|Any CPU.Build.0 = Debug|Any CPU
		{7D0A863C-6243-411D-B1A7-755743858F84}.Release|Any CPU.ActiveCfg = Release|Any CPU
		{7D0A863C-6243-411D-B1A7-755743858F84}.Release|Any CPU.Build.0 = Release|Any CPU
	EndGlobalSection
	GlobalSection(SolutionProperties) = preSolution
		HideSolutionNode = FALSE
	EndGlobalSection
	GlobalSection(ExtensibilityGlobals) = postSolution
		SolutionGuid = {6BD50BE7-228F-468D-99AA-B8C1AC305920}
	EndGlobalSection
EndGlobal
